
Microsoft Visual Studio Solution File, Format Version 12.00
# Visual Studio Version 17
VisualStudioVersion = 17.0.32112.339
MinimumVisualStudioVersion = 10.0.40219.1
Project("{FAE04EC0-301F-11D3-BF4B-00C04F79EFBC}") = "Atestat", "Atestat.csproj", "{AEC6F5BC-EE33-450D-B105-127CD69701DF}"
EndProject
Global
	GlobalSection(SolutionConfigurationPlatforms) = preSolution
		Debug|Any CPU = Debug|Any CPU
		Release|Any CPU = Release|Any CPU
	EndGlobalSection
	GlobalSection(ProjectConfigurationPlatforms) = postSolution
		{AEC6F5BC-EE33-450D-B105-127CD69701DF}.Debug|Any CPU.ActiveCfg = Debug|Any CPU
		{AEC6F5BC-EE33-450D-B105-127CD69701DF}.Debug|Any CPU.Build.0 = Debug|Any CPU
		{AEC6F5BC-EE33-450D-B105-127CD69701DF}.Release|Any CPU.ActiveCfg = Release|Any CPU
		{AEC6F5BC-EE33-450D-B105-127CD69701DF}.Release|Any CPU.Build.0 = Release|Any CPU
	EndGlobalSection
	GlobalSection(SolutionProperties) = preSolution
		HideSolutionNode = FALSE
	EndGlobalSection
	GlobalSection(ExtensibilityGlobals) = postSolution
		SolutionGuid = {1F08EF6D-ECD5-40B7-B8A0-7FC3E6E911E6}
	EndGlobalSection
EndGlobal
